
Microsoft Visual Studio Solution File, Format Version 12.00
# Visual Studio Version 17
VisualStudioVersion = 17.3.32922.545
MinimumVisualStudioVersion = 10.0.40219.1
Project("{FAE04EC0-301F-11D3-BF4B-00C04F79EFBC}") = "SalesWebMvc", "SalesWebMvc\SalesWebMvc.csproj", "{62258627-F66A-4929-BB73-39FA7B15717C}"
EndProject
Global
	GlobalSection(SolutionConfigurationPlatforms) = preSolution
		Debug|Any CPU = Debug|Any CPU
		Release|Any CPU = Release|Any CPU
	EndGlobalSection
	GlobalSection(ProjectConfigurationPlatforms) = postSolution
		{62258627-F66A-4929-BB73-39FA7B15717C}.Debug|Any CPU.ActiveCfg = Debug|Any CPU
		{62258627-F66A-4929-BB73-39FA7B15717C}.Debug|Any CPU.Build.0 = Debug|Any CPU
		{62258627-F66A-4929-BB73-39FA7B15717C}.Release|Any CPU.ActiveCfg = Release|Any CPU
		{62258627-F66A-4929-BB73-39FA7B15717C}.Release|Any CPU.Build.0 = Release|Any CPU
	EndGlobalSection
	GlobalSection(SolutionProperties) = preSolution
		HideSolutionNode = FALSE
	EndGlobalSection
	GlobalSection(ExtensibilityGlobals) = postSolution
		SolutionGuid = {65C9927E-37B2-4E32-87ED-22A79476C026}
	EndGlobalSection
EndGlobal
